// !$*UTF8*$!
{
	archiveVersion = 1;
	classes = {
	};
	objectVersion = 46;
	objects = {

/* Begin PBXBuildFile section */
		44776DC35337CA58BB45BABA /* BuddyBuildSDK.framework in Frameworks */ = {isa = PBXBuildFile; fileRef = ACB5B2EAF73D31321B66272A /* BuddyBuildSDK.framework */; };
		4BB684C0657EB169A9D9BDF1 /* AssetsLibrary.framework in Frameworks */ = {isa = PBXBuildFile; fileRef = D91AD6CEE322F865DFD0F2E5 /* AssetsLibrary.framework */; };
		5259E541A56EBC7E7CC734D8 /* CoreText.framework in Frameworks */ = {isa = PBXBuildFile; fileRef = 654D41D979C97206E8D1803F /* CoreText.framework */; };
		5412FBD3EBCADE65B2DCB74A /* CoreTelephony.framework in Frameworks */ = {isa = PBXBuildFile; fileRef = FC703D8A7A518D5CB5463770 /* CoreTelephony.framework */; };
		547DC498496B776A8E541D57 /* SystemConfiguration.framework in Frameworks */ = {isa = PBXBuildFile; fileRef = 62368C35768AACB90A5FD341 /* SystemConfiguration.framework */; };
		5EE6E01F4C254DA18B2CFEA5 /* AVFoundation.framework in Frameworks */ = {isa = PBXBuildFile; fileRef = 7DFD84FFED69427041BE8B53 /* AVFoundation.framework */; };
		770575B0F22129E8051C3CD5 /* CoreMedia.framework in Frameworks */ = {isa = PBXBuildFile; fileRef = 6068FDAA46BE8AA84C923EFD /* CoreMedia.framework */; };
		7A0802D41E9F9C8E007E9EBC /* Credentials.swift in Sources */ = {isa = PBXBuildFile; fileRef = 7A0802D31E9F9C8E007E9EBC /* Credentials.swift */; };
		7A0B953F1EA16DD200C8D6FB /* Task.swift in Sources */ = {isa = PBXBuildFile; fileRef = 7A0B953E1EA16DD200C8D6FB /* Task.swift */; };
		7A1359471E9EB9BC006AB737 /* Project.swift in Sources */ = {isa = PBXBuildFile; fileRef = 7A1359461E9EB9BC006AB737 /* Project.swift */; };
		7A1359491E9EB9DD006AB737 /* Token.swift in Sources */ = {isa = PBXBuildFile; fileRef = 7A1359481E9EB9DD006AB737 /* Token.swift */; };
		7A13594B1E9EBD64006AB737 /* JSONHelper.swift in Sources */ = {isa = PBXBuildFile; fileRef = 7A13594A1E9EBD64006AB737 /* JSONHelper.swift */; };
		7A13594C1E9EC176006AB737 /* Unbox.framework in Frameworks */ = {isa = PBXBuildFile; fileRef = 7A1359441E9EB622006AB737 /* Unbox.framework */; };
		7A13594D1E9EC176006AB737 /* Unbox.framework in Embed Frameworks */ = {isa = PBXBuildFile; fileRef = 7A1359441E9EB622006AB737 /* Unbox.framework */; settings = {ATTRIBUTES = (CodeSignOnCopy, RemoveHeadersOnCopy, ); }; };
		7A1359511E9F0CB1006AB737 /* CreateFlowCoordinator.swift in Sources */ = {isa = PBXBuildFile; fileRef = 7A1359501E9F0CB1006AB737 /* CreateFlowCoordinator.swift */; };
		7A1359531E9F0CC1006AB737 /* SelectProjectFlowCoordinator.swift in Sources */ = {isa = PBXBuildFile; fileRef = 7A1359521E9F0CC1006AB737 /* SelectProjectFlowCoordinator.swift */; };
		7A1359561E9F0D4B006AB737 /* Storyboards.swift in Sources */ = {isa = PBXBuildFile; fileRef = 7A1359541E9F0D4B006AB737 /* Storyboards.swift */; };
		7A1359571E9F0D4B006AB737 /* Assets.swift in Sources */ = {isa = PBXBuildFile; fileRef = 7A1359551E9F0D4B006AB737 /* Assets.swift */; };
		7A13595A1E9F0F06006AB737 /* Coordinator.swift in Sources */ = {isa = PBXBuildFile; fileRef = 7A1359591E9F0F06006AB737 /* Coordinator.swift */; };
		7A1B4BCD1E9F124B00CE507A /* ProjectsViewController.swift in Sources */ = {isa = PBXBuildFile; fileRef = 7A1B4BCC1E9F124B00CE507A /* ProjectsViewController.swift */; };
		7A1B4BD31E9F190400CE507A /* ReactiveCocoa.framework in Frameworks */ = {isa = PBXBuildFile; fileRef = 7A1B4BD21E9F190400CE507A /* ReactiveCocoa.framework */; };
		7A1B4BD41E9F190400CE507A /* ReactiveCocoa.framework in Embed Frameworks */ = {isa = PBXBuildFile; fileRef = 7A1B4BD21E9F190400CE507A /* ReactiveCocoa.framework */; settings = {ATTRIBUTES = (CodeSignOnCopy, RemoveHeadersOnCopy, ); }; };
		7A2690E01EA3FC9400FEBBF8 /* Nimble.framework in Frameworks */ = {isa = PBXBuildFile; fileRef = 7A2690DE1EA3FC9400FEBBF8 /* Nimble.framework */; };
		7A2690E11EA3FC9400FEBBF8 /* Quick.framework in Frameworks */ = {isa = PBXBuildFile; fileRef = 7A2690DF1EA3FC9400FEBBF8 /* Quick.framework */; };
		7A2690E31EA3FCA200FEBBF8 /* Nimble.framework in CopyFiles */ = {isa = PBXBuildFile; fileRef = 7A2690DE1EA3FC9400FEBBF8 /* Nimble.framework */; settings = {ATTRIBUTES = (CodeSignOnCopy, RemoveHeadersOnCopy, ); }; };
		7A2690E41EA3FCA200FEBBF8 /* Quick.framework in CopyFiles */ = {isa = PBXBuildFile; fileRef = 7A2690DF1EA3FC9400FEBBF8 /* Quick.framework */; settings = {ATTRIBUTES = (CodeSignOnCopy, RemoveHeadersOnCopy, ); }; };
		7A2690E81EA3FD6700FEBBF8 /* Builder.swift in Sources */ = {isa = PBXBuildFile; fileRef = 7A2690E71EA3FD6700FEBBF8 /* Builder.swift */; };
		7A2690EA1EA3FDE700FEBBF8 /* BuilderSpec.swift in Sources */ = {isa = PBXBuildFile; fileRef = 7A2690E91EA3FDE700FEBBF8 /* BuilderSpec.swift */; };
		7A2690EC1EA3FEBB00FEBBF8 /* fixtures in Resources */ = {isa = PBXBuildFile; fileRef = 7A2690EB1EA3FEBB00FEBBF8 /* fixtures */; };
		7A2690ED1EA4007900FEBBF8 /* Result.framework in Frameworks */ = {isa = PBXBuildFile; fileRef = 7A32BA751E9E5631005882A0 /* Result.framework */; };
		7A2690EF1EA4045F00FEBBF8 /* AutoEquatable.generated.swift in Sources */ = {isa = PBXBuildFile; fileRef = 7A2690EE1EA4045F00FEBBF8 /* AutoEquatable.generated.swift */; };
		7A2690F11EA4594700FEBBF8 /* AutoList.generated.swift in Sources */ = {isa = PBXBuildFile; fileRef = 7A2690F01EA4594700FEBBF8 /* AutoList.generated.swift */; };
		7A2690F41EA529FF00FEBBF8 /* ProjectColor.swift in Sources */ = {isa = PBXBuildFile; fileRef = 7A2690F31EA529FF00FEBBF8 /* ProjectColor.swift */; };
		7A2690FC1EA52A3900FEBBF8 /* main.swift in Sources */ = {isa = PBXBuildFile; fileRef = 7A2690FB1EA52A3900FEBBF8 /* main.swift */; };
		7A2691001EA52A3C00FEBBF8 /* ProjectColor.swift in Sources */ = {isa = PBXBuildFile; fileRef = 7A2690F31EA529FF00FEBBF8 /* ProjectColor.swift */; };
		7A2691011EA52B3D00FEBBF8 /* AutoList.generated.swift in Sources */ = {isa = PBXBuildFile; fileRef = 7A2690F01EA4594700FEBBF8 /* AutoList.generated.swift */; };
		7A2691031EA52B5D00FEBBF8 /* Sourcery.swift in Sources */ = {isa = PBXBuildFile; fileRef = 7A2691021EA52B5D00FEBBF8 /* Sourcery.swift */; };
		7A2691041EA52B7F00FEBBF8 /* Sourcery.swift in Sources */ = {isa = PBXBuildFile; fileRef = 7A2691021EA52B5D00FEBBF8 /* Sourcery.swift */; };
		7A32BA611E9E5407005882A0 /* AppDelegate.swift in Sources */ = {isa = PBXBuildFile; fileRef = 7A32BA601E9E5407005882A0 /* AppDelegate.swift */; };
		7A32BA631E9E5407005882A0 /* CreateViewController.swift in Sources */ = {isa = PBXBuildFile; fileRef = 7A32BA621E9E5407005882A0 /* CreateViewController.swift */; };
		7A32BA661E9E5407005882A0 /* Main.storyboard in Resources */ = {isa = PBXBuildFile; fileRef = 7A32BA641E9E5407005882A0 /* Main.storyboard */; };
		7A32BA681E9E5407005882A0 /* Assets.xcassets in Resources */ = {isa = PBXBuildFile; fileRef = 7A32BA671E9E5407005882A0 /* Assets.xcassets */; };
		7A32BA6B1E9E5407005882A0 /* LaunchScreen.storyboard in Resources */ = {isa = PBXBuildFile; fileRef = 7A32BA691E9E5407005882A0 /* LaunchScreen.storyboard */; };
		7A32BA731E9E5418005882A0 /* Client.swift in Sources */ = {isa = PBXBuildFile; fileRef = 7A32BA721E9E5418005882A0 /* Client.swift */; };
		7A32BA761E9E5631005882A0 /* ReactiveSwift.framework in Frameworks */ = {isa = PBXBuildFile; fileRef = 7A32BA741E9E5631005882A0 /* ReactiveSwift.framework */; };
		7A32BA771E9E5631005882A0 /* ReactiveSwift.framework in Embed Frameworks */ = {isa = PBXBuildFile; fileRef = 7A32BA741E9E5631005882A0 /* ReactiveSwift.framework */; settings = {ATTRIBUTES = (CodeSignOnCopy, RemoveHeadersOnCopy, ); }; };
		7A32BA781E9E5631005882A0 /* Result.framework in Frameworks */ = {isa = PBXBuildFile; fileRef = 7A32BA751E9E5631005882A0 /* Result.framework */; };
		7A32BA791E9E5631005882A0 /* Result.framework in Embed Frameworks */ = {isa = PBXBuildFile; fileRef = 7A32BA751E9E5631005882A0 /* Result.framework */; settings = {ATTRIBUTES = (CodeSignOnCopy, RemoveHeadersOnCopy, ); }; };
		7A35A7AC1EA6C831004746FC /* ProjectCell.swift in Sources */ = {isa = PBXBuildFile; fileRef = 7A35A7AB1EA6C831004746FC /* ProjectCell.swift */; };
		7A35A7AF1EA6C956004746FC /* BlurPresentationController.swift in Sources */ = {isa = PBXBuildFile; fileRef = 7A35A7AE1EA6C956004746FC /* BlurPresentationController.swift */; };
		7A5C7A951EAED85000528E05 /* UIColor+SweeterColor.swift in Sources */ = {isa = PBXBuildFile; fileRef = 7A5C7A941EAED85000528E05 /* UIColor+SweeterColor.swift */; };
		7A5C7A971EAEDAF800528E05 /* ToolbarViewController.swift in Sources */ = {isa = PBXBuildFile; fileRef = 7A5C7A961EAEDAF800528E05 /* ToolbarViewController.swift */; };
		7A5C7A991EAEE9CE00528E05 /* Keyboard.swift in Sources */ = {isa = PBXBuildFile; fileRef = 7A5C7A981EAEE9CE00528E05 /* Keyboard.swift */; };
		7A76F6271EB42108001DE236 /* ClientSpec.swift in Sources */ = {isa = PBXBuildFile; fileRef = 7A76F6261EB42108001DE236 /* ClientSpec.swift */; };
		7A8A88B41EA1737400093AA8 /* Workspace.swift in Sources */ = {isa = PBXBuildFile; fileRef = 7A8A88B31EA1737400093AA8 /* Workspace.swift */; };
		7AA2717F1EB83C4B0064FF3D /* BatmanUITests.swift in Sources */ = {isa = PBXBuildFile; fileRef = 7AA2717E1EB83C4B0064FF3D /* BatmanUITests.swift */; };
		7AD500761EABB07500F0520E /* UIFont+BTMAdditions.swift in Sources */ = {isa = PBXBuildFile; fileRef = 7AD500751EABB07500F0520E /* UIFont+BTMAdditions.swift */; };
		7AD5008A1EABC26900F0520E /* TaskTextView.swift in Sources */ = {isa = PBXBuildFile; fileRef = 7AD500891EABC26900F0520E /* TaskTextView.swift */; };
		7AD634C81EA2DA590023DF00 /* Storage.swift in Sources */ = {isa = PBXBuildFile; fileRef = 7AD634C71EA2DA590023DF00 /* Storage.swift */; };
		7AE510B61EA8459000403245 /* ProjectsHeader.swift in Sources */ = {isa = PBXBuildFile; fileRef = 7AE510B51EA8459000403245 /* ProjectsHeader.swift */; };
		7AEEFE691EAC549D00459E3B /* ProjectsController.swift in Sources */ = {isa = PBXBuildFile; fileRef = 7AEEFE681EAC549D00459E3B /* ProjectsController.swift */; };
		7AEEFE6B1EAD126B00459E3B /* ProjectsControllerSpec.swift in Sources */ = {isa = PBXBuildFile; fileRef = 7AEEFE6A1EAD126B00459E3B /* ProjectsControllerSpec.swift */; };
		7AEEFE6E1EAD2F7C00459E3B /* OHHTTPStubs.framework in CopyFiles */ = {isa = PBXBuildFile; fileRef = 7AEEFE6C1EAD2F6D00459E3B /* OHHTTPStubs.framework */; settings = {ATTRIBUTES = (CodeSignOnCopy, RemoveHeadersOnCopy, ); }; };
		7AEEFE6F1EAD2F8500459E3B /* OHHTTPStubs.framework in Frameworks */ = {isa = PBXBuildFile; fileRef = 7AEEFE6C1EAD2F6D00459E3B /* OHHTTPStubs.framework */; };
		83E7817B4F3392B7FD45F066 /* QuartzCore.framework in Frameworks */ = {isa = PBXBuildFile; fileRef = 52F0D3AC648BF1D43D720BD0 /* QuartzCore.framework */; };
		BF93F6CD95FAD76497EA9169 /* CoreVideo.framework in Frameworks */ = {isa = PBXBuildFile; fileRef = C522B4139BF1116DDAA71B8C /* CoreVideo.framework */; };
/* End PBXBuildFile section */

/* Begin PBXContainerItemProxy section */
		7A2690D91EA3E6AB00FEBBF8 /* PBXContainerItemProxy */ = {
			isa = PBXContainerItemProxy;
			containerPortal = 7A32BA551E9E5407005882A0 /* Project object */;
			proxyType = 1;
			remoteGlobalIDString = 7A32BA5C1E9E5407005882A0;
			remoteInfo = Batman;
		};
		7AA271811EB83C4B0064FF3D /* PBXContainerItemProxy */ = {
			isa = PBXContainerItemProxy;
			containerPortal = 7A32BA551E9E5407005882A0 /* Project object */;
			proxyType = 1;
			remoteGlobalIDString = 7A32BA5C1E9E5407005882A0;
			remoteInfo = Batman;
		};
/* End PBXContainerItemProxy section */

/* Begin PBXCopyFilesBuildPhase section */
		7A2690E21EA3FC9800FEBBF8 /* CopyFiles */ = {
			isa = PBXCopyFilesBuildPhase;
			buildActionMask = 2147483647;
			dstPath = "";
			dstSubfolderSpec = 10;
			files = (
				7AEEFE6E1EAD2F7C00459E3B /* OHHTTPStubs.framework in CopyFiles */,
				7A2690E31EA3FCA200FEBBF8 /* Nimble.framework in CopyFiles */,
				7A2690E41EA3FCA200FEBBF8 /* Quick.framework in CopyFiles */,
			);
			runOnlyForDeploymentPostprocessing = 0;
		};
		7A2690F71EA52A3900FEBBF8 /* CopyFiles */ = {
			isa = PBXCopyFilesBuildPhase;
			buildActionMask = 2147483647;
			dstPath = /usr/share/man/man1/;
			dstSubfolderSpec = 0;
			files = (
			);
			runOnlyForDeploymentPostprocessing = 1;
		};
		7A32BA7A1E9E5631005882A0 /* Embed Frameworks */ = {
			isa = PBXCopyFilesBuildPhase;
			buildActionMask = 2147483647;
			dstPath = "";
			dstSubfolderSpec = 10;
			files = (
				7A13594D1E9EC176006AB737 /* Unbox.framework in Embed Frameworks */,
				7A32BA771E9E5631005882A0 /* ReactiveSwift.framework in Embed Frameworks */,
				7A32BA791E9E5631005882A0 /* Result.framework in Embed Frameworks */,
				7A1B4BD41E9F190400CE507A /* ReactiveCocoa.framework in Embed Frameworks */,
			);
			name = "Embed Frameworks";
			runOnlyForDeploymentPostprocessing = 0;
		};
/* End PBXCopyFilesBuildPhase section */

/* Begin PBXFileReference section */
		52F0D3AC648BF1D43D720BD0 /* QuartzCore.framework */ = {isa = PBXFileReference; lastKnownFileType = wrapper.framework; name = QuartzCore.framework; path = System/Library/Frameworks/QuartzCore.framework; sourceTree = SDKROOT; };
		6068FDAA46BE8AA84C923EFD /* CoreMedia.framework */ = {isa = PBXFileReference; lastKnownFileType = wrapper.framework; name = CoreMedia.framework; path = System/Library/Frameworks/CoreMedia.framework; sourceTree = SDKROOT; };
		62368C35768AACB90A5FD341 /* SystemConfiguration.framework */ = {isa = PBXFileReference; lastKnownFileType = wrapper.framework; name = SystemConfiguration.framework; path = System/Library/Frameworks/SystemConfiguration.framework; sourceTree = SDKROOT; };
		654D41D979C97206E8D1803F /* CoreText.framework */ = {isa = PBXFileReference; lastKnownFileType = wrapper.framework; name = CoreText.framework; path = System/Library/Frameworks/CoreText.framework; sourceTree = SDKROOT; };
		73875FD4949066BD82478180 /* Bridging-Header.h */ = {isa = PBXFileReference; includeInIndex = 1; lastKnownFileType = sourcecode.c.h; path = "Bridging-Header.h"; sourceTree = "<group>"; };
		7A0802D31E9F9C8E007E9EBC /* Credentials.swift */ = {isa = PBXFileReference; fileEncoding = 4; lastKnownFileType = sourcecode.swift; path = Credentials.swift; sourceTree = "<group>"; };
		7A0B953E1EA16DD200C8D6FB /* Task.swift */ = {isa = PBXFileReference; fileEncoding = 4; lastKnownFileType = sourcecode.swift; path = Task.swift; sourceTree = "<group>"; };
		7A1359441E9EB622006AB737 /* Unbox.framework */ = {isa = PBXFileReference; lastKnownFileType = wrapper.framework; name = Unbox.framework; path = Carthage/Build/iOS/Unbox.framework; sourceTree = "<group>"; };
		7A1359461E9EB9BC006AB737 /* Project.swift */ = {isa = PBXFileReference; fileEncoding = 4; lastKnownFileType = sourcecode.swift; path = Project.swift; sourceTree = "<group>"; };
		7A1359481E9EB9DD006AB737 /* Token.swift */ = {isa = PBXFileReference; fileEncoding = 4; lastKnownFileType = sourcecode.swift; path = Token.swift; sourceTree = "<group>"; };
		7A13594A1E9EBD64006AB737 /* JSONHelper.swift */ = {isa = PBXFileReference; fileEncoding = 4; lastKnownFileType = sourcecode.swift; path = JSONHelper.swift; sourceTree = "<group>"; };
		7A1359501E9F0CB1006AB737 /* CreateFlowCoordinator.swift */ = {isa = PBXFileReference; fileEncoding = 4; lastKnownFileType = sourcecode.swift; path = CreateFlowCoordinator.swift; sourceTree = "<group>"; };
		7A1359521E9F0CC1006AB737 /* SelectProjectFlowCoordinator.swift */ = {isa = PBXFileReference; fileEncoding = 4; lastKnownFileType = sourcecode.swift; path = SelectProjectFlowCoordinator.swift; sourceTree = "<group>"; };
		7A1359541E9F0D4B006AB737 /* Storyboards.swift */ = {isa = PBXFileReference; fileEncoding = 4; lastKnownFileType = sourcecode.swift; path = Storyboards.swift; sourceTree = "<group>"; };
		7A1359551E9F0D4B006AB737 /* Assets.swift */ = {isa = PBXFileReference; fileEncoding = 4; lastKnownFileType = sourcecode.swift; path = Assets.swift; sourceTree = "<group>"; };
		7A1359591E9F0F06006AB737 /* Coordinator.swift */ = {isa = PBXFileReference; fileEncoding = 4; lastKnownFileType = sourcecode.swift; path = Coordinator.swift; sourceTree = "<group>"; };
		7A1B4BCC1E9F124B00CE507A /* ProjectsViewController.swift */ = {isa = PBXFileReference; fileEncoding = 4; lastKnownFileType = sourcecode.swift; path = ProjectsViewController.swift; sourceTree = "<group>"; };
		7A1B4BD21E9F190400CE507A /* ReactiveCocoa.framework */ = {isa = PBXFileReference; lastKnownFileType = wrapper.framework; name = ReactiveCocoa.framework; path = Carthage/Build/iOS/ReactiveCocoa.framework; sourceTree = "<group>"; };
		7A2690D41EA3E6AB00FEBBF8 /* BatmanTests.xctest */ = {isa = PBXFileReference; explicitFileType = wrapper.cfbundle; includeInIndex = 0; path = BatmanTests.xctest; sourceTree = BUILT_PRODUCTS_DIR; };
		7A2690D81EA3E6AB00FEBBF8 /* Info.plist */ = {isa = PBXFileReference; lastKnownFileType = text.plist.xml; path = Info.plist; sourceTree = "<group>"; };
		7A2690DE1EA3FC9400FEBBF8 /* Nimble.framework */ = {isa = PBXFileReference; lastKnownFileType = wrapper.framework; name = Nimble.framework; path = Carthage/Build/iOS/Nimble.framework; sourceTree = "<group>"; };
		7A2690DF1EA3FC9400FEBBF8 /* Quick.framework */ = {isa = PBXFileReference; lastKnownFileType = wrapper.framework; name = Quick.framework; path = Carthage/Build/iOS/Quick.framework; sourceTree = "<group>"; };
		7A2690E71EA3FD6700FEBBF8 /* Builder.swift */ = {isa = PBXFileReference; fileEncoding = 4; lastKnownFileType = sourcecode.swift; path = Builder.swift; sourceTree = "<group>"; };
		7A2690E91EA3FDE700FEBBF8 /* BuilderSpec.swift */ = {isa = PBXFileReference; fileEncoding = 4; lastKnownFileType = sourcecode.swift; path = BuilderSpec.swift; sourceTree = "<group>"; };
		7A2690EB1EA3FEBB00FEBBF8 /* fixtures */ = {isa = PBXFileReference; lastKnownFileType = folder; path = fixtures; sourceTree = "<group>"; };
		7A2690EE1EA4045F00FEBBF8 /* AutoEquatable.generated.swift */ = {isa = PBXFileReference; fileEncoding = 4; lastKnownFileType = sourcecode.swift; path = AutoEquatable.generated.swift; sourceTree = "<group>"; };
		7A2690F01EA4594700FEBBF8 /* AutoList.generated.swift */ = {isa = PBXFileReference; fileEncoding = 4; lastKnownFileType = sourcecode.swift; path = AutoList.generated.swift; sourceTree = "<group>"; };
		7A2690F31EA529FF00FEBBF8 /* ProjectColor.swift */ = {isa = PBXFileReference; fileEncoding = 4; lastKnownFileType = sourcecode.swift; path = ProjectColor.swift; sourceTree = "<group>"; };
		7A2690F91EA52A3900FEBBF8 /* ColorDump */ = {isa = PBXFileReference; explicitFileType = "compiled.mach-o.executable"; includeInIndex = 0; path = ColorDump; sourceTree = BUILT_PRODUCTS_DIR; };
		7A2690FB1EA52A3900FEBBF8 /* main.swift */ = {isa = PBXFileReference; lastKnownFileType = sourcecode.swift; path = main.swift; sourceTree = "<group>"; };
		7A2691021EA52B5D00FEBBF8 /* Sourcery.swift */ = {isa = PBXFileReference; fileEncoding = 4; lastKnownFileType = sourcecode.swift; path = Sourcery.swift; sourceTree = "<group>"; };
		7A32BA5D1E9E5407005882A0 /* Batman.app */ = {isa = PBXFileReference; explicitFileType = wrapper.application; includeInIndex = 0; path = Batman.app; sourceTree = BUILT_PRODUCTS_DIR; };
		7A32BA601E9E5407005882A0 /* AppDelegate.swift */ = {isa = PBXFileReference; lastKnownFileType = sourcecode.swift; path = AppDelegate.swift; sourceTree = "<group>"; };
		7A32BA621E9E5407005882A0 /* CreateViewController.swift */ = {isa = PBXFileReference; lastKnownFileType = sourcecode.swift; path = CreateViewController.swift; sourceTree = "<group>"; };
		7A32BA651E9E5407005882A0 /* Base */ = {isa = PBXFileReference; lastKnownFileType = file.storyboard; name = Base; path = Base.lproj/Main.storyboard; sourceTree = "<group>"; };
		7A32BA671E9E5407005882A0 /* Assets.xcassets */ = {isa = PBXFileReference; lastKnownFileType = folder.assetcatalog; path = Assets.xcassets; sourceTree = "<group>"; };
		7A32BA6A1E9E5407005882A0 /* Base */ = {isa = PBXFileReference; lastKnownFileType = file.storyboard; name = Base; path = Base.lproj/LaunchScreen.storyboard; sourceTree = "<group>"; };
		7A32BA6C1E9E5407005882A0 /* Info.plist */ = {isa = PBXFileReference; lastKnownFileType = text.plist.xml; path = Info.plist; sourceTree = "<group>"; };
		7A32BA721E9E5418005882A0 /* Client.swift */ = {isa = PBXFileReference; fileEncoding = 4; lastKnownFileType = sourcecode.swift; path = Client.swift; sourceTree = "<group>"; };
		7A32BA741E9E5631005882A0 /* ReactiveSwift.framework */ = {isa = PBXFileReference; lastKnownFileType = wrapper.framework; name = ReactiveSwift.framework; path = Carthage/Build/iOS/ReactiveSwift.framework; sourceTree = "<group>"; };
		7A32BA751E9E5631005882A0 /* Result.framework */ = {isa = PBXFileReference; lastKnownFileType = wrapper.framework; name = Result.framework; path = Carthage/Build/iOS/Result.framework; sourceTree = "<group>"; };
		7A35A7AB1EA6C831004746FC /* ProjectCell.swift */ = {isa = PBXFileReference; fileEncoding = 4; lastKnownFileType = sourcecode.swift; path = ProjectCell.swift; sourceTree = "<group>"; };
		7A35A7AE1EA6C956004746FC /* BlurPresentationController.swift */ = {isa = PBXFileReference; fileEncoding = 4; lastKnownFileType = sourcecode.swift; path = BlurPresentationController.swift; sourceTree = "<group>"; };
		7A5C7A941EAED85000528E05 /* UIColor+SweeterColor.swift */ = {isa = PBXFileReference; fileEncoding = 4; lastKnownFileType = sourcecode.swift; path = "UIColor+SweeterColor.swift"; sourceTree = "<group>"; };
		7A5C7A961EAEDAF800528E05 /* ToolbarViewController.swift */ = {isa = PBXFileReference; fileEncoding = 4; lastKnownFileType = sourcecode.swift; path = ToolbarViewController.swift; sourceTree = "<group>"; };
		7A5C7A981EAEE9CE00528E05 /* Keyboard.swift */ = {isa = PBXFileReference; fileEncoding = 4; lastKnownFileType = sourcecode.swift; path = Keyboard.swift; sourceTree = "<group>"; };
		7A76F6261EB42108001DE236 /* ClientSpec.swift */ = {isa = PBXFileReference; fileEncoding = 4; lastKnownFileType = sourcecode.swift; path = ClientSpec.swift; sourceTree = "<group>"; };
		7A8A88B31EA1737400093AA8 /* Workspace.swift */ = {isa = PBXFileReference; fileEncoding = 4; lastKnownFileType = sourcecode.swift; path = Workspace.swift; sourceTree = "<group>"; };
		7AA2717C1EB83C4B0064FF3D /* BatmanUITests.xctest */ = {isa = PBXFileReference; explicitFileType = wrapper.cfbundle; includeInIndex = 0; path = BatmanUITests.xctest; sourceTree = BUILT_PRODUCTS_DIR; };
		7AA2717E1EB83C4B0064FF3D /* BatmanUITests.swift */ = {isa = PBXFileReference; lastKnownFileType = sourcecode.swift; path = BatmanUITests.swift; sourceTree = "<group>"; };
		7AA271801EB83C4B0064FF3D /* Info.plist */ = {isa = PBXFileReference; lastKnownFileType = text.plist.xml; path = Info.plist; sourceTree = "<group>"; };
		7AD500751EABB07500F0520E /* UIFont+BTMAdditions.swift */ = {isa = PBXFileReference; fileEncoding = 4; lastKnownFileType = sourcecode.swift; path = "UIFont+BTMAdditions.swift"; sourceTree = "<group>"; };
		7AD500891EABC26900F0520E /* TaskTextView.swift */ = {isa = PBXFileReference; fileEncoding = 4; lastKnownFileType = sourcecode.swift; path = TaskTextView.swift; sourceTree = "<group>"; };
		7AD634C71EA2DA590023DF00 /* Storage.swift */ = {isa = PBXFileReference; fileEncoding = 4; lastKnownFileType = sourcecode.swift; path = Storage.swift; sourceTree = "<group>"; };
		7AE510B51EA8459000403245 /* ProjectsHeader.swift */ = {isa = PBXFileReference; fileEncoding = 4; lastKnownFileType = sourcecode.swift; path = ProjectsHeader.swift; sourceTree = "<group>"; };
		7AEEFE681EAC549D00459E3B /* ProjectsController.swift */ = {isa = PBXFileReference; fileEncoding = 4; lastKnownFileType = sourcecode.swift; path = ProjectsController.swift; sourceTree = "<group>"; };
		7AEEFE6A1EAD126B00459E3B /* ProjectsControllerSpec.swift */ = {isa = PBXFileReference; fileEncoding = 4; lastKnownFileType = sourcecode.swift; path = ProjectsControllerSpec.swift; sourceTree = "<group>"; };
		7AEEFE6C1EAD2F6D00459E3B /* OHHTTPStubs.framework */ = {isa = PBXFileReference; lastKnownFileType = wrapper.framework; name = OHHTTPStubs.framework; path = Carthage/Build/iOS/OHHTTPStubs.framework; sourceTree = "<group>"; };
		7DFD84FFED69427041BE8B53 /* AVFoundation.framework */ = {isa = PBXFileReference; lastKnownFileType = wrapper.framework; name = AVFoundation.framework; path = System/Library/Frameworks/AVFoundation.framework; sourceTree = SDKROOT; };
		ACB5B2EAF73D31321B66272A /* BuddyBuildSDK.framework */ = {isa = PBXFileReference; lastKnownFileType = wrapper.framework; path = BuddyBuildSDK.framework; sourceTree = "<group>"; };
		C522B4139BF1116DDAA71B8C /* CoreVideo.framework */ = {isa = PBXFileReference; lastKnownFileType = wrapper.framework; name = CoreVideo.framework; path = System/Library/Frameworks/CoreVideo.framework; sourceTree = SDKROOT; };
		D91AD6CEE322F865DFD0F2E5 /* AssetsLibrary.framework */ = {isa = PBXFileReference; lastKnownFileType = wrapper.framework; name = AssetsLibrary.framework; path = System/Library/Frameworks/AssetsLibrary.framework; sourceTree = SDKROOT; };
		FC703D8A7A518D5CB5463770 /* CoreTelephony.framework */ = {isa = PBXFileReference; lastKnownFileType = wrapper.framework; name = CoreTelephony.framework; path = System/Library/Frameworks/CoreTelephony.framework; sourceTree = SDKROOT; };
/* End PBXFileReference section */

/* Begin PBXFrameworksBuildPhase section */
		7A2690D11EA3E6AB00FEBBF8 /* Frameworks */ = {
			isa = PBXFrameworksBuildPhase;
			buildActionMask = 2147483647;
			files = (
				7A2690E01EA3FC9400FEBBF8 /* Nimble.framework in Frameworks */,
				7A2690E11EA3FC9400FEBBF8 /* Quick.framework in Frameworks */,
				7AEEFE6F1EAD2F8500459E3B /* OHHTTPStubs.framework in Frameworks */,
				7A2690ED1EA4007900FEBBF8 /* Result.framework in Frameworks */,
			);
			runOnlyForDeploymentPostprocessing = 0;
		};
		7A2690F61EA52A3900FEBBF8 /* Frameworks */ = {
			isa = PBXFrameworksBuildPhase;
			buildActionMask = 2147483647;
			files = (
			);
			runOnlyForDeploymentPostprocessing = 0;
		};
		7A32BA5A1E9E5407005882A0 /* Frameworks */ = {
			isa = PBXFrameworksBuildPhase;
			buildActionMask = 2147483647;
			files = (
				7A32BA761E9E5631005882A0 /* ReactiveSwift.framework in Frameworks */,
				7A32BA781E9E5631005882A0 /* Result.framework in Frameworks */,
				7A13594C1E9EC176006AB737 /* Unbox.framework in Frameworks */,
				7A1B4BD31E9F190400CE507A /* ReactiveCocoa.framework in Frameworks */,
				44776DC35337CA58BB45BABA /* BuddyBuildSDK.framework in Frameworks */,
				4BB684C0657EB169A9D9BDF1 /* AssetsLibrary.framework in Frameworks */,
				5259E541A56EBC7E7CC734D8 /* CoreText.framework in Frameworks */,
				5412FBD3EBCADE65B2DCB74A /* CoreTelephony.framework in Frameworks */,
				547DC498496B776A8E541D57 /* SystemConfiguration.framework in Frameworks */,
				83E7817B4F3392B7FD45F066 /* QuartzCore.framework in Frameworks */,
				5EE6E01F4C254DA18B2CFEA5 /* AVFoundation.framework in Frameworks */,
				770575B0F22129E8051C3CD5 /* CoreMedia.framework in Frameworks */,
				BF93F6CD95FAD76497EA9169 /* CoreVideo.framework in Frameworks */,
			);
			runOnlyForDeploymentPostprocessing = 0;
		};
		7AA271791EB83C4B0064FF3D /* Frameworks */ = {
			isa = PBXFrameworksBuildPhase;
			buildActionMask = 2147483647;
			files = (
			);
			runOnlyForDeploymentPostprocessing = 0;
		};
/* End PBXFrameworksBuildPhase section */

/* Begin PBXGroup section */
		7A1359431E9EB622006AB737 /* Frameworks */ = {
			isa = PBXGroup;
			children = (
				7AEEFE6C1EAD2F6D00459E3B /* OHHTTPStubs.framework */,
				7A2690DE1EA3FC9400FEBBF8 /* Nimble.framework */,
				7A2690DF1EA3FC9400FEBBF8 /* Quick.framework */,
				7A1B4BD21E9F190400CE507A /* ReactiveCocoa.framework */,
				7A32BA741E9E5631005882A0 /* ReactiveSwift.framework */,
				7A32BA751E9E5631005882A0 /* Result.framework */,
				7A1359441E9EB622006AB737 /* Unbox.framework */,
				ACB5B2EAF73D31321B66272A /* BuddyBuildSDK.framework */,
				D91AD6CEE322F865DFD0F2E5 /* AssetsLibrary.framework */,
				654D41D979C97206E8D1803F /* CoreText.framework */,
				FC703D8A7A518D5CB5463770 /* CoreTelephony.framework */,
				62368C35768AACB90A5FD341 /* SystemConfiguration.framework */,
				52F0D3AC648BF1D43D720BD0 /* QuartzCore.framework */,
				7DFD84FFED69427041BE8B53 /* AVFoundation.framework */,
				6068FDAA46BE8AA84C923EFD /* CoreMedia.framework */,
				C522B4139BF1116DDAA71B8C /* CoreVideo.framework */,
			);
			name = Frameworks;
			sourceTree = "<group>";
		};
		7A1359581E9F0D53006AB737 /* Resources */ = {
			isa = PBXGroup;
			children = (
				7A1359551E9F0D4B006AB737 /* Assets.swift */,
				7A32BA671E9E5407005882A0 /* Assets.xcassets */,
				7A32BA691E9E5407005882A0 /* LaunchScreen.storyboard */,
				7A32BA641E9E5407005882A0 /* Main.storyboard */,
				7A1359541E9F0D4B006AB737 /* Storyboards.swift */,
				7AD500751EABB07500F0520E /* UIFont+BTMAdditions.swift */,
			);
			path = Resources;
			sourceTree = "<group>";
		};
		7A1B4BCF1E9F170100CE507A /* Domain */ = {
			isa = PBXGroup;
			children = (
				7A2690E71EA3FD6700FEBBF8 /* Builder.swift */,
				7A32BA721E9E5418005882A0 /* Client.swift */,
				7AEEFE681EAC549D00459E3B /* ProjectsController.swift */,
				7AD634C71EA2DA590023DF00 /* Storage.swift */,
				7A1359481E9EB9DD006AB737 /* Token.swift */,
			);
			path = Domain;
			sourceTree = "<group>";
		};
		7A1B4BD01E9F170700CE507A /* View Controllers */ = {
			isa = PBXGroup;
			children = (
				7A32BA621E9E5407005882A0 /* CreateViewController.swift */,
				7A1B4BCC1E9F124B00CE507A /* ProjectsViewController.swift */,
				7A5C7A961EAEDAF800528E05 /* ToolbarViewController.swift */,
			);
			path = "View Controllers";
			sourceTree = "<group>";
		};
		7A1B4BD11E9F171100CE507A /* Utils */ = {
			isa = PBXGroup;
			children = (
				7A0802D31E9F9C8E007E9EBC /* Credentials.swift */,
				7A13594A1E9EBD64006AB737 /* JSONHelper.swift */,
				7A5C7A981EAEE9CE00528E05 /* Keyboard.swift */,
			);
			path = Utils;
			sourceTree = "<group>";
		};
		7A2690D51EA3E6AB00FEBBF8 /* BatmanTests */ = {
			isa = PBXGroup;
			children = (
				7A2690E91EA3FDE700FEBBF8 /* BuilderSpec.swift */,
				7A2690D81EA3E6AB00FEBBF8 /* Info.plist */,
				7AEEFE6A1EAD126B00459E3B /* ProjectsControllerSpec.swift */,
				7A2690EB1EA3FEBB00FEBBF8 /* fixtures */,
				7A76F6261EB42108001DE236 /* ClientSpec.swift */,
			);
			path = BatmanTests;
			sourceTree = "<group>";
		};
		7A2690F21EA529EB00FEBBF8 /* Common */ = {
			isa = PBXGroup;
			children = (
				7A2690EE1EA4045F00FEBBF8 /* AutoEquatable.generated.swift */,
				7A2690F01EA4594700FEBBF8 /* AutoList.generated.swift */,
				7A2690F31EA529FF00FEBBF8 /* ProjectColor.swift */,
				7A2691021EA52B5D00FEBBF8 /* Sourcery.swift */,
			);
			path = Common;
			sourceTree = "<group>";
		};
		7A2690FA1EA52A3900FEBBF8 /* ColorDump */ = {
			isa = PBXGroup;
			children = (
				7A2690FB1EA52A3900FEBBF8 /* main.swift */,
			);
			path = ColorDump;
			sourceTree = "<group>";
		};
		7A32BA541E9E5407005882A0 = {
			isa = PBXGroup;
			children = (
				7A32BA5F1E9E5407005882A0 /* Batman */,
				7A2690D51EA3E6AB00FEBBF8 /* BatmanTests */,
				7A2690FA1EA52A3900FEBBF8 /* ColorDump */,
				7A2690F21EA529EB00FEBBF8 /* Common */,
				7AA2717D1EB83C4B0064FF3D /* BatmanUITests */,
				7A1359431E9EB622006AB737 /* Frameworks */,
				7A32BA5E1E9E5407005882A0 /* Products */,
				73875FD4949066BD82478180 /* Bridging-Header.h */,
			);
			sourceTree = "<group>";
		};
		7A32BA5E1E9E5407005882A0 /* Products */ = {
			isa = PBXGroup;
			children = (
				7A32BA5D1E9E5407005882A0 /* Batman.app */,
				7A2690D41EA3E6AB00FEBBF8 /* BatmanTests.xctest */,
				7A2690F91EA52A3900FEBBF8 /* ColorDump */,
				7AA2717C1EB83C4B0064FF3D /* BatmanUITests.xctest */,
			);
			name = Products;
			sourceTree = "<group>";
		};
		7A32BA5F1E9E5407005882A0 /* Batman */ = {
			isa = PBXGroup;
			children = (
				7A1B4BCF1E9F170100CE507A /* Domain */,
				7A35A7A81EA6C751004746FC /* Flow Coordinators */,
				7A35A7A91EA6C77F004746FC /* Model */,
				7A1359581E9F0D53006AB737 /* Resources */,
				7A35A7AD1EA6C948004746FC /* Transition */,
				7A1B4BD11E9F171100CE507A /* Utils */,
				7A5C7A931EAED83600528E05 /* Vendor */,
				7A1B4BD01E9F170700CE507A /* View Controllers */,
				7A35A7AA1EA6C824004746FC /* Views */,
				7A32BA601E9E5407005882A0 /* AppDelegate.swift */,
				7A32BA6C1E9E5407005882A0 /* Info.plist */,
			);
			path = Batman;
			sourceTree = "<group>";
		};
		7A35A7A81EA6C751004746FC /* Flow Coordinators */ = {
			isa = PBXGroup;
			children = (
				7A1359591E9F0F06006AB737 /* Coordinator.swift */,
				7A1359501E9F0CB1006AB737 /* CreateFlowCoordinator.swift */,
				7A1359521E9F0CC1006AB737 /* SelectProjectFlowCoordinator.swift */,
			);
			path = "Flow Coordinators";
			sourceTree = "<group>";
		};
		7A35A7A91EA6C77F004746FC /* Model */ = {
			isa = PBXGroup;
			children = (
				7A1359461E9EB9BC006AB737 /* Project.swift */,
				7A0B953E1EA16DD200C8D6FB /* Task.swift */,
				7A8A88B31EA1737400093AA8 /* Workspace.swift */,
			);
			path = Model;
			sourceTree = "<group>";
		};
		7A35A7AA1EA6C824004746FC /* Views */ = {
			isa = PBXGroup;
			children = (
				7A35A7AB1EA6C831004746FC /* ProjectCell.swift */,
				7AE510B51EA8459000403245 /* ProjectsHeader.swift */,
				7AD500891EABC26900F0520E /* TaskTextView.swift */,
			);
			path = Views;
			sourceTree = "<group>";
		};
		7A35A7AD1EA6C948004746FC /* Transition */ = {
			isa = PBXGroup;
			children = (
				7A35A7AE1EA6C956004746FC /* BlurPresentationController.swift */,
			);
			path = Transition;
			sourceTree = "<group>";
		};
		7A5C7A931EAED83600528E05 /* Vendor */ = {
			isa = PBXGroup;
			children = (
				7A5C7A941EAED85000528E05 /* UIColor+SweeterColor.swift */,
			);
			path = Vendor;
			sourceTree = "<group>";
		};
		7AA2717D1EB83C4B0064FF3D /* BatmanUITests */ = {
			isa = PBXGroup;
			children = (
				7AA2717E1EB83C4B0064FF3D /* BatmanUITests.swift */,
				7AA271801EB83C4B0064FF3D /* Info.plist */,
			);
			path = BatmanUITests;
			sourceTree = "<group>";
		};
/* End PBXGroup section */

/* Begin PBXNativeTarget section */
		7A2690D31EA3E6AB00FEBBF8 /* BatmanTests */ = {
			isa = PBXNativeTarget;
			buildConfigurationList = 7A2690DD1EA3E6AB00FEBBF8 /* Build configuration list for PBXNativeTarget "BatmanTests" */;
			buildPhases = (
				7A2690D01EA3E6AB00FEBBF8 /* Sources */,
				7A2690D11EA3E6AB00FEBBF8 /* Frameworks */,
				7A2690D21EA3E6AB00FEBBF8 /* Resources */,
				7A2690E21EA3FC9800FEBBF8 /* CopyFiles */,
			);
			buildRules = (
			);
			dependencies = (
				7A2690DA1EA3E6AB00FEBBF8 /* PBXTargetDependency */,
			);
			name = BatmanTests;
			productName = BatmanTests;
			productReference = 7A2690D41EA3E6AB00FEBBF8 /* BatmanTests.xctest */;
			productType = "com.apple.product-type.bundle.unit-test";
		};
		7A2690F81EA52A3900FEBBF8 /* ColorDump */ = {
			isa = PBXNativeTarget;
			buildConfigurationList = 7A2690FD1EA52A3900FEBBF8 /* Build configuration list for PBXNativeTarget "ColorDump" */;
			buildPhases = (
				7A2690F51EA52A3900FEBBF8 /* Sources */,
				7A2690F61EA52A3900FEBBF8 /* Frameworks */,
				7A2690F71EA52A3900FEBBF8 /* CopyFiles */,
			);
			buildRules = (
			);
			dependencies = (
			);
			name = ColorDump;
			productName = ColorDump;
			productReference = 7A2690F91EA52A3900FEBBF8 /* ColorDump */;
			productType = "com.apple.product-type.tool";
		};
		7A32BA5C1E9E5407005882A0 /* Batman */ = {
			isa = PBXNativeTarget;
			buildConfigurationList = 7A32BA6F1E9E5407005882A0 /* Build configuration list for PBXNativeTarget "Batman" */;
			buildPhases = (
				7A32BA591E9E5407005882A0 /* Sources */,
				7A32BA5A1E9E5407005882A0 /* Frameworks */,
				7A32BA5B1E9E5407005882A0 /* Resources */,
				7A32BA7A1E9E5631005882A0 /* Embed Frameworks */,
			);
			buildRules = (
			);
			dependencies = (
			);
			name = Batman;
			productName = Batman;
			productReference = 7A32BA5D1E9E5407005882A0 /* Batman.app */;
			productType = "com.apple.product-type.application";
		};
		7AA2717B1EB83C4B0064FF3D /* BatmanUITests */ = {
			isa = PBXNativeTarget;
			buildConfigurationList = 7AA271851EB83C4B0064FF3D /* Build configuration list for PBXNativeTarget "BatmanUITests" */;
			buildPhases = (
				7AA271781EB83C4B0064FF3D /* Sources */,
				7AA271791EB83C4B0064FF3D /* Frameworks */,
				7AA2717A1EB83C4B0064FF3D /* Resources */,
			);
			buildRules = (
			);
			dependencies = (
				7AA271821EB83C4B0064FF3D /* PBXTargetDependency */,
			);
			name = BatmanUITests;
			productName = BatmanUITests;
			productReference = 7AA2717C1EB83C4B0064FF3D /* BatmanUITests.xctest */;
			productType = "com.apple.product-type.bundle.ui-testing";
		};
/* End PBXNativeTarget section */

/* Begin PBXProject section */
		7A32BA551E9E5407005882A0 /* Project object */ = {
			isa = PBXProject;
			attributes = {
				LastSwiftUpdateCheck = 0830;
				LastUpgradeCheck = 0830;
				ORGANIZATIONNAME = "Perfectly-Cooked";
				TargetAttributes = {
					7A2690D31EA3E6AB00FEBBF8 = {
						CreatedOnToolsVersion = 8.3.1;
						DevelopmentTeam = 8VS9JKFDZS;
						LastSwiftMigration = 0830;
						ProvisioningStyle = Automatic;
						TestTargetID = 7A32BA5C1E9E5407005882A0;
					};
					7A2690F81EA52A3900FEBBF8 = {
						CreatedOnToolsVersion = 8.3.1;
						DevelopmentTeam = 8VS9JKFDZS;
						ProvisioningStyle = Automatic;
					};
					7A32BA5C1E9E5407005882A0 = {
						CreatedOnToolsVersion = 8.3;
						DevelopmentTeam = 8VS9JKFDZS;
						ProvisioningStyle = Automatic;
					};
					7AA2717B1EB83C4B0064FF3D = {
						CreatedOnToolsVersion = 8.3.2;
						DevelopmentTeam = 8VS9JKFDZS;
						ProvisioningStyle = Automatic;
						TestTargetID = 7A32BA5C1E9E5407005882A0;
					};
				};
			};
			buildConfigurationList = 7A32BA581E9E5407005882A0 /* Build configuration list for PBXProject "Batman" */;
			compatibilityVersion = "Xcode 3.2";
			developmentRegion = English;
			hasScannedForEncodings = 0;
			knownRegions = (
				en,
				Base,
			);
			mainGroup = 7A32BA541E9E5407005882A0;
			productRefGroup = 7A32BA5E1E9E5407005882A0 /* Products */;
			projectDirPath = "";
			projectRoot = "";
			targets = (
				7A32BA5C1E9E5407005882A0 /* Batman */,
				7A2690D31EA3E6AB00FEBBF8 /* BatmanTests */,
				7A2690F81EA52A3900FEBBF8 /* ColorDump */,
				7AA2717B1EB83C4B0064FF3D /* BatmanUITests */,
			);
		};
/* End PBXProject section */

/* Begin PBXResourcesBuildPhase section */
		7A2690D21EA3E6AB00FEBBF8 /* Resources */ = {
			isa = PBXResourcesBuildPhase;
			buildActionMask = 2147483647;
			files = (
				7A2690EC1EA3FEBB00FEBBF8 /* fixtures in Resources */,
			);
			runOnlyForDeploymentPostprocessing = 0;
		};
		7A32BA5B1E9E5407005882A0 /* Resources */ = {
			isa = PBXResourcesBuildPhase;
			buildActionMask = 2147483647;
			files = (
				7A32BA6B1E9E5407005882A0 /* LaunchScreen.storyboard in Resources */,
				7A32BA681E9E5407005882A0 /* Assets.xcassets in Resources */,
				7A32BA661E9E5407005882A0 /* Main.storyboard in Resources */,
			);
			runOnlyForDeploymentPostprocessing = 0;
		};
		7AA2717A1EB83C4B0064FF3D /* Resources */ = {
			isa = PBXResourcesBuildPhase;
			buildActionMask = 2147483647;
			files = (
			);
			runOnlyForDeploymentPostprocessing = 0;
		};
/* End PBXResourcesBuildPhase section */

/* Begin PBXSourcesBuildPhase section */
		7A2690D01EA3E6AB00FEBBF8 /* Sources */ = {
			isa = PBXSourcesBuildPhase;
			buildActionMask = 2147483647;
			files = (
				7AEEFE6B1EAD126B00459E3B /* ProjectsControllerSpec.swift in Sources */,
				7A76F6271EB42108001DE236 /* ClientSpec.swift in Sources */,
				7A2690EA1EA3FDE700FEBBF8 /* BuilderSpec.swift in Sources */,
			);
			runOnlyForDeploymentPostprocessing = 0;
		};
		7A2690F51EA52A3900FEBBF8 /* Sources */ = {
			isa = PBXSourcesBuildPhase;
			buildActionMask = 2147483647;
			files = (
				7A2691011EA52B3D00FEBBF8 /* AutoList.generated.swift in Sources */,
				7A2691041EA52B7F00FEBBF8 /* Sourcery.swift in Sources */,
				7A2690FC1EA52A3900FEBBF8 /* main.swift in Sources */,
				7A2691001EA52A3C00FEBBF8 /* ProjectColor.swift in Sources */,
			);
			runOnlyForDeploymentPostprocessing = 0;
		};
		7A32BA591E9E5407005882A0 /* Sources */ = {
			isa = PBXSourcesBuildPhase;
			buildActionMask = 2147483647;
			files = (
				7A2690EF1EA4045F00FEBBF8 /* AutoEquatable.generated.swift in Sources */,
				7AEEFE691EAC549D00459E3B /* ProjectsController.swift in Sources */,
				7A35A7AC1EA6C831004746FC /* ProjectCell.swift in Sources */,
				7A32BA631E9E5407005882A0 /* CreateViewController.swift in Sources */,
				7A1359571E9F0D4B006AB737 /* Assets.swift in Sources */,
				7A1359491E9EB9DD006AB737 /* Token.swift in Sources */,
				7A32BA611E9E5407005882A0 /* AppDelegate.swift in Sources */,
				7A35A7AF1EA6C956004746FC /* BlurPresentationController.swift in Sources */,
				7A13594B1E9EBD64006AB737 /* JSONHelper.swift in Sources */,
				7A1359511E9F0CB1006AB737 /* CreateFlowCoordinator.swift in Sources */,
				7A0B953F1EA16DD200C8D6FB /* Task.swift in Sources */,
				7AD5008A1EABC26900F0520E /* TaskTextView.swift in Sources */,
				7AE510B61EA8459000403245 /* ProjectsHeader.swift in Sources */,
				7A2690E81EA3FD6700FEBBF8 /* Builder.swift in Sources */,
				7A1359561E9F0D4B006AB737 /* Storyboards.swift in Sources */,
				7A5C7A951EAED85000528E05 /* UIColor+SweeterColor.swift in Sources */,
				7A5C7A971EAEDAF800528E05 /* ToolbarViewController.swift in Sources */,
				7A8A88B41EA1737400093AA8 /* Workspace.swift in Sources */,
				7A13595A1E9F0F06006AB737 /* Coordinator.swift in Sources */,
				7A32BA731E9E5418005882A0 /* Client.swift in Sources */,
				7A0802D41E9F9C8E007E9EBC /* Credentials.swift in Sources */,
				7A1359531E9F0CC1006AB737 /* SelectProjectFlowCoordinator.swift in Sources */,
				7A5C7A991EAEE9CE00528E05 /* Keyboard.swift in Sources */,
				7AD634C81EA2DA590023DF00 /* Storage.swift in Sources */,
				7A1B4BCD1E9F124B00CE507A /* ProjectsViewController.swift in Sources */,
				7A1359471E9EB9BC006AB737 /* Project.swift in Sources */,
				7A2690F11EA4594700FEBBF8 /* AutoList.generated.swift in Sources */,
				7A2691031EA52B5D00FEBBF8 /* Sourcery.swift in Sources */,
				7AD500761EABB07500F0520E /* UIFont+BTMAdditions.swift in Sources */,
				7A2690F41EA529FF00FEBBF8 /* ProjectColor.swift in Sources */,
			);
			runOnlyForDeploymentPostprocessing = 0;
		};
		7AA271781EB83C4B0064FF3D /* Sources */ = {
			isa = PBXSourcesBuildPhase;
			buildActionMask = 2147483647;
			files = (
				7AA2717F1EB83C4B0064FF3D /* BatmanUITests.swift in Sources */,
			);
			runOnlyForDeploymentPostprocessing = 0;
		};
/* End PBXSourcesBuildPhase section */

/* Begin PBXTargetDependency section */
		7A2690DA1EA3E6AB00FEBBF8 /* PBXTargetDependency */ = {
			isa = PBXTargetDependency;
			target = 7A32BA5C1E9E5407005882A0 /* Batman */;
			targetProxy = 7A2690D91EA3E6AB00FEBBF8 /* PBXContainerItemProxy */;
		};
		7AA271821EB83C4B0064FF3D /* PBXTargetDependency */ = {
			isa = PBXTargetDependency;
			target = 7A32BA5C1E9E5407005882A0 /* Batman */;
			targetProxy = 7AA271811EB83C4B0064FF3D /* PBXContainerItemProxy */;
		};
/* End PBXTargetDependency section */

/* Begin PBXVariantGroup section */
		7A32BA641E9E5407005882A0 /* Main.storyboard */ = {
			isa = PBXVariantGroup;
			children = (
				7A32BA651E9E5407005882A0 /* Base */,
			);
			name = Main.storyboard;
			path = .;
			sourceTree = "<group>";
		};
		7A32BA691E9E5407005882A0 /* LaunchScreen.storyboard */ = {
			isa = PBXVariantGroup;
			children = (
				7A32BA6A1E9E5407005882A0 /* Base */,
			);
			name = LaunchScreen.storyboard;
			path = .;
			sourceTree = "<group>";
		};
/* End PBXVariantGroup section */

/* Begin XCBuildConfiguration section */
		7A2690DB1EA3E6AB00FEBBF8 /* Debug */ = {
			isa = XCBuildConfiguration;
			buildSettings = {
				BUNDLE_LOADER = "$(TEST_HOST)";
				CLANG_ENABLE_MODULES = YES;
				DEVELOPMENT_TEAM = 8VS9JKFDZS;
				FRAMEWORK_SEARCH_PATHS = (
					"$(inherited)",
					"$(PROJECT_DIR)/Carthage/Build/iOS",
				);
				INFOPLIST_FILE = BatmanTests/Info.plist;
				LD_RUNPATH_SEARCH_PATHS = "$(inherited) @executable_path/Frameworks @loader_path/Frameworks";
				PRODUCT_BUNDLE_IDENTIFIER = "com.perfectly-cooked.BatmanTests";
				PRODUCT_NAME = "$(TARGET_NAME)";
				SWIFT_OPTIMIZATION_LEVEL = "-Onone";
				SWIFT_VERSION = 3.0;
				TEST_HOST = "$(BUILT_PRODUCTS_DIR)/Batman.app/Batman";
			};
			name = Debug;
		};
		7A2690DC1EA3E6AB00FEBBF8 /* Release */ = {
			isa = XCBuildConfiguration;
			buildSettings = {
				BUNDLE_LOADER = "$(TEST_HOST)";
				CLANG_ENABLE_MODULES = YES;
				DEVELOPMENT_TEAM = 8VS9JKFDZS;
				FRAMEWORK_SEARCH_PATHS = (
					"$(inherited)",
					"$(PROJECT_DIR)/Carthage/Build/iOS",
				);
				INFOPLIST_FILE = BatmanTests/Info.plist;
				LD_RUNPATH_SEARCH_PATHS = "$(inherited) @executable_path/Frameworks @loader_path/Frameworks";
				PRODUCT_BUNDLE_IDENTIFIER = "com.perfectly-cooked.BatmanTests";
				PRODUCT_NAME = "$(TARGET_NAME)";
				SWIFT_VERSION = 3.0;
				TEST_HOST = "$(BUILT_PRODUCTS_DIR)/Batman.app/Batman";
			};
			name = Release;
		};
		7A2690FE1EA52A3900FEBBF8 /* Debug */ = {
			isa = XCBuildConfiguration;
			buildSettings = {
				CODE_SIGN_IDENTITY = "-";
				DEVELOPMENT_TEAM = 8VS9JKFDZS;
				MACOSX_DEPLOYMENT_TARGET = 10.12;
				PRODUCT_NAME = "$(TARGET_NAME)";
				SDKROOT = macosx;
				SWIFT_VERSION = 3.0;
			};
			name = Debug;
		};
		7A2690FF1EA52A3900FEBBF8 /* Release */ = {
			isa = XCBuildConfiguration;
			buildSettings = {
				CODE_SIGN_IDENTITY = "-";
				DEVELOPMENT_TEAM = 8VS9JKFDZS;
				MACOSX_DEPLOYMENT_TARGET = 10.12;
				PRODUCT_NAME = "$(TARGET_NAME)";
				SDKROOT = macosx;
				SWIFT_VERSION = 3.0;
			};
			name = Release;
		};
		7A32BA6D1E9E5407005882A0 /* Debug */ = {
			isa = XCBuildConfiguration;
			buildSettings = {
				ALWAYS_SEARCH_USER_PATHS = NO;
				CLANG_ANALYZER_NONNULL = YES;
				CLANG_ANALYZER_NUMBER_OBJECT_CONVERSION = YES_AGGRESSIVE;
				CLANG_CXX_LANGUAGE_STANDARD = "gnu++0x";
				CLANG_CXX_LIBRARY = "libc++";
				CLANG_ENABLE_MODULES = YES;
				CLANG_ENABLE_OBJC_ARC = YES;
				CLANG_WARN_BOOL_CONVERSION = YES;
				CLANG_WARN_CONSTANT_CONVERSION = YES;
				CLANG_WARN_DIRECT_OBJC_ISA_USAGE = YES_ERROR;
				CLANG_WARN_DOCUMENTATION_COMMENTS = YES;
				CLANG_WARN_EMPTY_BODY = YES;
				CLANG_WARN_ENUM_CONVERSION = YES;
				CLANG_WARN_INFINITE_RECURSION = YES;
				CLANG_WARN_INT_CONVERSION = YES;
				CLANG_WARN_OBJC_ROOT_CLASS = YES_ERROR;
				CLANG_WARN_SUSPICIOUS_MOVE = YES;
				CLANG_WARN_UNREACHABLE_CODE = YES;
				CLANG_WARN__DUPLICATE_METHOD_MATCH = YES;
				"CODE_SIGN_IDENTITY[sdk=iphoneos*]" = "iPhone Developer";
				COPY_PHASE_STRIP = NO;
				DEBUG_INFORMATION_FORMAT = dwarf;
				ENABLE_STRICT_OBJC_MSGSEND = YES;
				ENABLE_TESTABILITY = YES;
				GCC_C_LANGUAGE_STANDARD = gnu99;
				GCC_DYNAMIC_NO_PIC = NO;
				GCC_NO_COMMON_BLOCKS = YES;
				GCC_OPTIMIZATION_LEVEL = 0;
				GCC_PREPROCESSOR_DEFINITIONS = (
					"DEBUG=1",
					"$(inherited)",
				);
				GCC_WARN_64_TO_32_BIT_CONVERSION = YES;
				GCC_WARN_ABOUT_RETURN_TYPE = YES_ERROR;
				GCC_WARN_UNDECLARED_SELECTOR = YES;
				GCC_WARN_UNINITIALIZED_AUTOS = YES_AGGRESSIVE;
				GCC_WARN_UNUSED_FUNCTION = YES;
				GCC_WARN_UNUSED_VARIABLE = YES;
				IPHONEOS_DEPLOYMENT_TARGET = 10.3;
				MTL_ENABLE_DEBUG_INFO = YES;
				ONLY_ACTIVE_ARCH = YES;
				SDKROOT = iphoneos;
				SWIFT_ACTIVE_COMPILATION_CONDITIONS = DEBUG;
				SWIFT_OPTIMIZATION_LEVEL = "-Onone";
				TARGETED_DEVICE_FAMILY = "1,2";
			};
			name = Debug;
		};
		7A32BA6E1E9E5407005882A0 /* Release */ = {
			isa = XCBuildConfiguration;
			buildSettings = {
				ALWAYS_SEARCH_USER_PATHS = NO;
				CLANG_ANALYZER_NONNULL = YES;
				CLANG_ANALYZER_NUMBER_OBJECT_CONVERSION = YES_AGGRESSIVE;
				CLANG_CXX_LANGUAGE_STANDARD = "gnu++0x";
				CLANG_CXX_LIBRARY = "libc++";
				CLANG_ENABLE_MODULES = YES;
				CLANG_ENABLE_OBJC_ARC = YES;
				CLANG_WARN_BOOL_CONVERSION = YES;
				CLANG_WARN_CONSTANT_CONVERSION = YES;
				CLANG_WARN_DIRECT_OBJC_ISA_USAGE = YES_ERROR;
				CLANG_WARN_DOCUMENTATION_COMMENTS = YES;
				CLANG_WARN_EMPTY_BODY = YES;
				CLANG_WARN_ENUM_CONVERSION = YES;
				CLANG_WARN_INFINITE_RECURSION = YES;
				CLANG_WARN_INT_CONVERSION = YES;
				CLANG_WARN_OBJC_ROOT_CLASS = YES_ERROR;
				CLANG_WARN_SUSPICIOUS_MOVE = YES;
				CLANG_WARN_UNREACHABLE_CODE = YES;
				CLANG_WARN__DUPLICATE_METHOD_MATCH = YES;
				"CODE_SIGN_IDENTITY[sdk=iphoneos*]" = "iPhone Developer";
				COPY_PHASE_STRIP = NO;
				DEBUG_INFORMATION_FORMAT = "dwarf-with-dsym";
				ENABLE_NS_ASSERTIONS = NO;
				ENABLE_STRICT_OBJC_MSGSEND = YES;
				GCC_C_LANGUAGE_STANDARD = gnu99;
				GCC_NO_COMMON_BLOCKS = YES;
				GCC_WARN_64_TO_32_BIT_CONVERSION = YES;
				GCC_WARN_ABOUT_RETURN_TYPE = YES_ERROR;
				GCC_WARN_UNDECLARED_SELECTOR = YES;
				GCC_WARN_UNINITIALIZED_AUTOS = YES_AGGRESSIVE;
				GCC_WARN_UNUSED_FUNCTION = YES;
				GCC_WARN_UNUSED_VARIABLE = YES;
				IPHONEOS_DEPLOYMENT_TARGET = 10.3;
				MTL_ENABLE_DEBUG_INFO = NO;
				SDKROOT = iphoneos;
				SWIFT_OPTIMIZATION_LEVEL = "-Owholemodule";
				TARGETED_DEVICE_FAMILY = "1,2";
				VALIDATE_PRODUCT = YES;
			};
			name = Release;
		};
		7A32BA701E9E5407005882A0 /* Debug */ = {
			isa = XCBuildConfiguration;
			buildSettings = {
				ASSETCATALOG_COMPILER_APPICON_NAME = AppIcon;
				DEVELOPMENT_TEAM = 8VS9JKFDZS;
				FRAMEWORK_SEARCH_PATHS = (
					"$(inherited)",
					"$(PROJECT_DIR)/Carthage/Build/iOS",
					"$(PROJECT_DIR)",
				);
				INFOPLIST_FILE = Batman/Info.plist;
				LD_RUNPATH_SEARCH_PATHS = "$(inherited) @executable_path/Frameworks";
				PRODUCT_BUNDLE_IDENTIFIER = com.buddybuild.myApp;
				PRODUCT_NAME = "$(TARGET_NAME)";
				SWIFT_OBJC_BRIDGING_HEADER = "Bridging-Header.h";
				SWIFT_VERSION = 3.0;
			};
			name = Debug;
		};
		7A32BA711E9E5407005882A0 /* Release */ = {
			isa = XCBuildConfiguration;
			buildSettings = {
				ASSETCATALOG_COMPILER_APPICON_NAME = AppIcon;
				DEVELOPMENT_TEAM = 8VS9JKFDZS;
				FRAMEWORK_SEARCH_PATHS = (
					"$(inherited)",
					"$(PROJECT_DIR)/Carthage/Build/iOS",
					"$(PROJECT_DIR)",
				);
				INFOPLIST_FILE = Batman/Info.plist;
				LD_RUNPATH_SEARCH_PATHS = "$(inherited) @executable_path/Frameworks";
				PRODUCT_BUNDLE_IDENTIFIER = com.buddybuild.myApp;
				PRODUCT_NAME = "$(TARGET_NAME)";
				SWIFT_OBJC_BRIDGING_HEADER = "Bridging-Header.h";
				SWIFT_VERSION = 3.0;
			};
			name = Release;
		};
		7AA271831EB83C4B0064FF3D /* Debug */ = {
			isa = XCBuildConfiguration;
			buildSettings = {
				DEVELOPMENT_TEAM = 8VS9JKFDZS;
				INFOPLIST_FILE = BatmanUITests/Info.plist;
				LD_RUNPATH_SEARCH_PATHS = "$(inherited) @executable_path/Frameworks @loader_path/Frameworks";
				PRODUCT_BUNDLE_IDENTIFIER = "com.perfectly-cooked.BatmanUITests";
				PRODUCT_NAME = "$(TARGET_NAME)";
				SWIFT_VERSION = 3.0;
				TEST_TARGET_NAME = Batman;
			};
			name = Debug;
		};
		7AA271841EB83C4B0064FF3D /* Release */ = {
			isa = XCBuildConfiguration;
			buildSettings = {
				DEVELOPMENT_TEAM = 8VS9JKFDZS;
				INFOPLIST_FILE = BatmanUITests/Info.plist;
				LD_RUNPATH_SEARCH_PATHS = "$(inherited) @executable_path/Frameworks @loader_path/Frameworks";
				PRODUCT_BUNDLE_IDENTIFIER = "com.perfectly-cooked.BatmanUITests";
				PRODUCT_NAME = "$(TARGET_NAME)";
				SWIFT_VERSION = 3.0;
				TEST_TARGET_NAME = Batman;
			};
			name = Release;
		};
/* End XCBuildConfiguration section */

/* Begin XCConfigurationList section */
		7A2690DD1EA3E6AB00FEBBF8 /* Build configuration list for PBXNativeTarget "BatmanTests" */ = {
			isa = XCConfigurationList;
			buildConfigurations = (
				7A2690DB1EA3E6AB00FEBBF8 /* Debug */,
				7A2690DC1EA3E6AB00FEBBF8 /* Release */,
			);
			defaultConfigurationIsVisible = 0;
			defaultConfigurationName = Release;
		};
		7A2690FD1EA52A3900FEBBF8 /* Build configuration list for PBXNativeTarget "ColorDump" */ = {
			isa = XCConfigurationList;
			buildConfigurations = (
				7A2690FE1EA52A3900FEBBF8 /* Debug */,
				7A2690FF1EA52A3900FEBBF8 /* Release */,
			);
			defaultConfigurationIsVisible = 0;
			defaultConfigurationName = Release;
		};
		7A32BA581E9E5407005882A0 /* Build configuration list for PBXProject "Batman" */ = {
			isa = XCConfigurationList;
			buildConfigurations = (
				7A32BA6D1E9E5407005882A0 /* Debug */,
				7A32BA6E1E9E5407005882A0 /* Release */,
			);
			defaultConfigurationIsVisible = 0;
			defaultConfigurationName = Release;
		};
		7A32BA6F1E9E5407005882A0 /* Build configuration list for PBXNativeTarget "Batman" */ = {
			isa = XCConfigurationList;
			buildConfigurations = (
				7A32BA701E9E5407005882A0 /* Debug */,
				7A32BA711E9E5407005882A0 /* Release */,
			);
			defaultConfigurationIsVisible = 0;
			defaultConfigurationName = Release;
		};
		7AA271851EB83C4B0064FF3D /* Build configuration list for PBXNativeTarget "BatmanUITests" */ = {
			isa = XCConfigurationList;
			buildConfigurations = (
				7AA271831EB83C4B0064FF3D /* Debug */,
				7AA271841EB83C4B0064FF3D /* Release */,
			);
			defaultConfigurationIsVisible = 0;
			defaultConfigurationName = Release;
		};
/* End XCConfigurationList section */
	};
	rootObject = 7A32BA551E9E5407005882A0 /* Project object */;
}
