// !$*UTF8*$!
{
	archiveVersion = 1;
	classes = {
	};
	objectVersion = 46;
	objects = {

/* Begin PBXBuildFile section */
		7A1359471E9EB9BC006AB737 /* Project.swift in Sources */ = {isa = PBXBuildFile; fileRef = 7A1359461E9EB9BC006AB737 /* Project.swift */; };
		7A1359491E9EB9DD006AB737 /* Token.swift in Sources */ = {isa = PBXBuildFile; fileRef = 7A1359481E9EB9DD006AB737 /* Token.swift */; };
		7A13594B1E9EBD64006AB737 /* JSONHelper.swift in Sources */ = {isa = PBXBuildFile; fileRef = 7A13594A1E9EBD64006AB737 /* JSONHelper.swift */; };
		7A13594C1E9EC176006AB737 /* Unbox.framework in Frameworks */ = {isa = PBXBuildFile; fileRef = 7A1359441E9EB622006AB737 /* Unbox.framework */; };
		7A13594D1E9EC176006AB737 /* Unbox.framework in Embed Frameworks */ = {isa = PBXBuildFile; fileRef = 7A1359441E9EB622006AB737 /* Unbox.framework */; settings = {ATTRIBUTES = (CodeSignOnCopy, RemoveHeadersOnCopy, ); }; };
		7A13594F1E9F0485006AB737 /* Color.swift in Sources */ = {isa = PBXBuildFile; fileRef = 7A13594E1E9F0485006AB737 /* Color.swift */; };
		7A1359511E9F0CB1006AB737 /* CreateFlowCoordinator.swift in Sources */ = {isa = PBXBuildFile; fileRef = 7A1359501E9F0CB1006AB737 /* CreateFlowCoordinator.swift */; };
		7A1359531E9F0CC1006AB737 /* SelectProjectFlowCoordinator.swift in Sources */ = {isa = PBXBuildFile; fileRef = 7A1359521E9F0CC1006AB737 /* SelectProjectFlowCoordinator.swift */; };
		7A1359561E9F0D4B006AB737 /* Storyboards.swift in Sources */ = {isa = PBXBuildFile; fileRef = 7A1359541E9F0D4B006AB737 /* Storyboards.swift */; };
		7A1359571E9F0D4B006AB737 /* Assets.swift in Sources */ = {isa = PBXBuildFile; fileRef = 7A1359551E9F0D4B006AB737 /* Assets.swift */; };
		7A13595A1E9F0F06006AB737 /* Coordinator.swift in Sources */ = {isa = PBXBuildFile; fileRef = 7A1359591E9F0F06006AB737 /* Coordinator.swift */; };
		7A1B4BCD1E9F124B00CE507A /* ProjectsViewController.swift in Sources */ = {isa = PBXBuildFile; fileRef = 7A1B4BCC1E9F124B00CE507A /* ProjectsViewController.swift */; };
		7A32BA611E9E5407005882A0 /* AppDelegate.swift in Sources */ = {isa = PBXBuildFile; fileRef = 7A32BA601E9E5407005882A0 /* AppDelegate.swift */; };
		7A32BA631E9E5407005882A0 /* CreateViewController.swift in Sources */ = {isa = PBXBuildFile; fileRef = 7A32BA621E9E5407005882A0 /* CreateViewController.swift */; };
		7A32BA661E9E5407005882A0 /* Main.storyboard in Resources */ = {isa = PBXBuildFile; fileRef = 7A32BA641E9E5407005882A0 /* Main.storyboard */; };
		7A32BA681E9E5407005882A0 /* Assets.xcassets in Resources */ = {isa = PBXBuildFile; fileRef = 7A32BA671E9E5407005882A0 /* Assets.xcassets */; };
		7A32BA6B1E9E5407005882A0 /* LaunchScreen.storyboard in Resources */ = {isa = PBXBuildFile; fileRef = 7A32BA691E9E5407005882A0 /* LaunchScreen.storyboard */; };
		7A32BA731E9E5418005882A0 /* Client.swift in Sources */ = {isa = PBXBuildFile; fileRef = 7A32BA721E9E5418005882A0 /* Client.swift */; };
		7A32BA761E9E5631005882A0 /* ReactiveSwift.framework in Frameworks */ = {isa = PBXBuildFile; fileRef = 7A32BA741E9E5631005882A0 /* ReactiveSwift.framework */; };
		7A32BA771E9E5631005882A0 /* ReactiveSwift.framework in Embed Frameworks */ = {isa = PBXBuildFile; fileRef = 7A32BA741E9E5631005882A0 /* ReactiveSwift.framework */; settings = {ATTRIBUTES = (CodeSignOnCopy, RemoveHeadersOnCopy, ); }; };
		7A32BA781E9E5631005882A0 /* Result.framework in Frameworks */ = {isa = PBXBuildFile; fileRef = 7A32BA751E9E5631005882A0 /* Result.framework */; };
		7A32BA791E9E5631005882A0 /* Result.framework in Embed Frameworks */ = {isa = PBXBuildFile; fileRef = 7A32BA751E9E5631005882A0 /* Result.framework */; settings = {ATTRIBUTES = (CodeSignOnCopy, RemoveHeadersOnCopy, ); }; };
/* End PBXBuildFile section */

/* Begin PBXCopyFilesBuildPhase section */
		7A32BA7A1E9E5631005882A0 /* Embed Frameworks */ = {
			isa = PBXCopyFilesBuildPhase;
			buildActionMask = 2147483647;
			dstPath = "";
			dstSubfolderSpec = 10;
			files = (
				7A13594D1E9EC176006AB737 /* Unbox.framework in Embed Frameworks */,
				7A32BA771E9E5631005882A0 /* ReactiveSwift.framework in Embed Frameworks */,
				7A32BA791E9E5631005882A0 /* Result.framework in Embed Frameworks */,
			);
			name = "Embed Frameworks";
			runOnlyForDeploymentPostprocessing = 0;
		};
/* End PBXCopyFilesBuildPhase section */

/* Begin PBXFileReference section */
		7A1359441E9EB622006AB737 /* Unbox.framework */ = {isa = PBXFileReference; lastKnownFileType = wrapper.framework; name = Unbox.framework; path = Carthage/Build/iOS/Unbox.framework; sourceTree = "<group>"; };
		7A1359461E9EB9BC006AB737 /* Project.swift */ = {isa = PBXFileReference; fileEncoding = 4; lastKnownFileType = sourcecode.swift; path = Project.swift; sourceTree = "<group>"; };
		7A1359481E9EB9DD006AB737 /* Token.swift */ = {isa = PBXFileReference; fileEncoding = 4; lastKnownFileType = sourcecode.swift; path = Token.swift; sourceTree = "<group>"; };
		7A13594A1E9EBD64006AB737 /* JSONHelper.swift */ = {isa = PBXFileReference; fileEncoding = 4; lastKnownFileType = sourcecode.swift; path = JSONHelper.swift; sourceTree = "<group>"; };
		7A13594E1E9F0485006AB737 /* Color.swift */ = {isa = PBXFileReference; fileEncoding = 4; lastKnownFileType = sourcecode.swift; path = Color.swift; sourceTree = "<group>"; };
		7A1359501E9F0CB1006AB737 /* CreateFlowCoordinator.swift */ = {isa = PBXFileReference; fileEncoding = 4; lastKnownFileType = sourcecode.swift; path = CreateFlowCoordinator.swift; sourceTree = "<group>"; };
		7A1359521E9F0CC1006AB737 /* SelectProjectFlowCoordinator.swift */ = {isa = PBXFileReference; fileEncoding = 4; lastKnownFileType = sourcecode.swift; path = SelectProjectFlowCoordinator.swift; sourceTree = "<group>"; };
		7A1359541E9F0D4B006AB737 /* Storyboards.swift */ = {isa = PBXFileReference; fileEncoding = 4; lastKnownFileType = sourcecode.swift; path = Storyboards.swift; sourceTree = "<group>"; };
		7A1359551E9F0D4B006AB737 /* Assets.swift */ = {isa = PBXFileReference; fileEncoding = 4; lastKnownFileType = sourcecode.swift; path = Assets.swift; sourceTree = "<group>"; };
		7A1359591E9F0F06006AB737 /* Coordinator.swift */ = {isa = PBXFileReference; fileEncoding = 4; lastKnownFileType = sourcecode.swift; path = Coordinator.swift; sourceTree = "<group>"; };
		7A1B4BCC1E9F124B00CE507A /* ProjectsViewController.swift */ = {isa = PBXFileReference; fileEncoding = 4; lastKnownFileType = sourcecode.swift; path = ProjectsViewController.swift; sourceTree = "<group>"; };
		7A32BA5D1E9E5407005882A0 /* Batman.app */ = {isa = PBXFileReference; explicitFileType = wrapper.application; includeInIndex = 0; path = Batman.app; sourceTree = BUILT_PRODUCTS_DIR; };
		7A32BA601E9E5407005882A0 /* AppDelegate.swift */ = {isa = PBXFileReference; lastKnownFileType = sourcecode.swift; path = AppDelegate.swift; sourceTree = "<group>"; };
		7A32BA621E9E5407005882A0 /* CreateViewController.swift */ = {isa = PBXFileReference; lastKnownFileType = sourcecode.swift; path = CreateViewController.swift; sourceTree = "<group>"; };
		7A32BA651E9E5407005882A0 /* Base */ = {isa = PBXFileReference; lastKnownFileType = file.storyboard; name = Base; path = Base.lproj/Main.storyboard; sourceTree = "<group>"; };
		7A32BA671E9E5407005882A0 /* Assets.xcassets */ = {isa = PBXFileReference; lastKnownFileType = folder.assetcatalog; path = Assets.xcassets; sourceTree = "<group>"; };
		7A32BA6A1E9E5407005882A0 /* Base */ = {isa = PBXFileReference; lastKnownFileType = file.storyboard; name = Base; path = Base.lproj/LaunchScreen.storyboard; sourceTree = "<group>"; };
		7A32BA6C1E9E5407005882A0 /* Info.plist */ = {isa = PBXFileReference; lastKnownFileType = text.plist.xml; path = Info.plist; sourceTree = "<group>"; };
		7A32BA721E9E5418005882A0 /* Client.swift */ = {isa = PBXFileReference; fileEncoding = 4; lastKnownFileType = sourcecode.swift; path = Client.swift; sourceTree = "<group>"; };
		7A32BA741E9E5631005882A0 /* ReactiveSwift.framework */ = {isa = PBXFileReference; lastKnownFileType = wrapper.framework; name = ReactiveSwift.framework; path = Carthage/Build/iOS/ReactiveSwift.framework; sourceTree = "<group>"; };
		7A32BA751E9E5631005882A0 /* Result.framework */ = {isa = PBXFileReference; lastKnownFileType = wrapper.framework; name = Result.framework; path = Carthage/Build/iOS/Result.framework; sourceTree = "<group>"; };
/* End PBXFileReference section */

/* Begin PBXFrameworksBuildPhase section */
		7A32BA5A1E9E5407005882A0 /* Frameworks */ = {
			isa = PBXFrameworksBuildPhase;
			buildActionMask = 2147483647;
			files = (
				7A32BA761E9E5631005882A0 /* ReactiveSwift.framework in Frameworks */,
				7A32BA781E9E5631005882A0 /* Result.framework in Frameworks */,
				7A13594C1E9EC176006AB737 /* Unbox.framework in Frameworks */,
			);
			runOnlyForDeploymentPostprocessing = 0;
		};
/* End PBXFrameworksBuildPhase section */

/* Begin PBXGroup section */
		7A1359431E9EB622006AB737 /* Frameworks */ = {
			isa = PBXGroup;
			children = (
				7A32BA741E9E5631005882A0 /* ReactiveSwift.framework */,
				7A32BA751E9E5631005882A0 /* Result.framework */,
				7A1359441E9EB622006AB737 /* Unbox.framework */,
			);
			name = Frameworks;
			sourceTree = "<group>";
		};
		7A1359581E9F0D53006AB737 /* Resources */ = {
			isa = PBXGroup;
			children = (
				7A32BA641E9E5407005882A0 /* Main.storyboard */,
				7A32BA671E9E5407005882A0 /* Assets.xcassets */,
				7A32BA691E9E5407005882A0 /* LaunchScreen.storyboard */,
				7A1359541E9F0D4B006AB737 /* Storyboards.swift */,
				7A1359551E9F0D4B006AB737 /* Assets.swift */,
				7A13594E1E9F0485006AB737 /* Color.swift */,
			);
			name = Resources;
			sourceTree = "<group>";
		};
		7A32BA541E9E5407005882A0 = {
			isa = PBXGroup;
			children = (
				7A32BA5F1E9E5407005882A0 /* Batman */,
				7A32BA5E1E9E5407005882A0 /* Products */,
				7A1359431E9EB622006AB737 /* Frameworks */,
			);
			sourceTree = "<group>";
		};
		7A32BA5E1E9E5407005882A0 /* Products */ = {
			isa = PBXGroup;
			children = (
				7A32BA5D1E9E5407005882A0 /* Batman.app */,
			);
			name = Products;
			sourceTree = "<group>";
		};
		7A32BA5F1E9E5407005882A0 /* Batman */ = {
			isa = PBXGroup;
			children = (
				7A1359581E9F0D53006AB737 /* Resources */,
				7A32BA601E9E5407005882A0 /* AppDelegate.swift */,
				7A32BA621E9E5407005882A0 /* CreateViewController.swift */,
				7A32BA6C1E9E5407005882A0 /* Info.plist */,
				7A32BA721E9E5418005882A0 /* Client.swift */,
				7A1359461E9EB9BC006AB737 /* Project.swift */,
				7A1359481E9EB9DD006AB737 /* Token.swift */,
				7A13594A1E9EBD64006AB737 /* JSONHelper.swift */,
				7A1359501E9F0CB1006AB737 /* CreateFlowCoordinator.swift */,
				7A1359521E9F0CC1006AB737 /* SelectProjectFlowCoordinator.swift */,
				7A1359591E9F0F06006AB737 /* Coordinator.swift */,
				7A1B4BCC1E9F124B00CE507A /* ProjectsViewController.swift */,
			);
			path = Batman;
			sourceTree = "<group>";
		};
/* End PBXGroup section */

/* Begin PBXNativeTarget section */
		7A32BA5C1E9E5407005882A0 /* Batman */ = {
			isa = PBXNativeTarget;
			buildConfigurationList = 7A32BA6F1E9E5407005882A0 /* Build configuration list for PBXNativeTarget "Batman" */;
			buildPhases = (
				7A32BA591E9E5407005882A0 /* Sources */,
				7A32BA5A1E9E5407005882A0 /* Frameworks */,
				7A32BA5B1E9E5407005882A0 /* Resources */,
				7A32BA7A1E9E5631005882A0 /* Embed Frameworks */,
			);
			buildRules = (
			);
			dependencies = (
			);
			name = Batman;
			productName = Batman;
			productReference = 7A32BA5D1E9E5407005882A0 /* Batman.app */;
			productType = "com.apple.product-type.application";
		};
/* End PBXNativeTarget section */

/* Begin PBXProject section */
		7A32BA551E9E5407005882A0 /* Project object */ = {
			isa = PBXProject;
			attributes = {
				LastSwiftUpdateCheck = 0830;
				LastUpgradeCheck = 0830;
				ORGANIZATIONNAME = "Perfectly-Cooked";
				TargetAttributes = {
					7A32BA5C1E9E5407005882A0 = {
						CreatedOnToolsVersion = 8.3;
						DevelopmentTeam = 8VS9JKFDZS;
						ProvisioningStyle = Automatic;
					};
				};
			};
			buildConfigurationList = 7A32BA581E9E5407005882A0 /* Build configuration list for PBXProject "Batman" */;
			compatibilityVersion = "Xcode 3.2";
			developmentRegion = English;
			hasScannedForEncodings = 0;
			knownRegions = (
				en,
				Base,
			);
			mainGroup = 7A32BA541E9E5407005882A0;
			productRefGroup = 7A32BA5E1E9E5407005882A0 /* Products */;
			projectDirPath = "";
			projectRoot = "";
			targets = (
				7A32BA5C1E9E5407005882A0 /* Batman */,
			);
		};
/* End PBXProject section */

/* Begin PBXResourcesBuildPhase section */
		7A32BA5B1E9E5407005882A0 /* Resources */ = {
			isa = PBXResourcesBuildPhase;
			buildActionMask = 2147483647;
			files = (
				7A32BA6B1E9E5407005882A0 /* LaunchScreen.storyboard in Resources */,
				7A32BA681E9E5407005882A0 /* Assets.xcassets in Resources */,
				7A32BA661E9E5407005882A0 /* Main.storyboard in Resources */,
			);
			runOnlyForDeploymentPostprocessing = 0;
		};
/* End PBXResourcesBuildPhase section */

/* Begin PBXSourcesBuildPhase section */
		7A32BA591E9E5407005882A0 /* Sources */ = {
			isa = PBXSourcesBuildPhase;
			buildActionMask = 2147483647;
			files = (
				7A32BA631E9E5407005882A0 /* CreateViewController.swift in Sources */,
				7A1359571E9F0D4B006AB737 /* Assets.swift in Sources */,
				7A1359491E9EB9DD006AB737 /* Token.swift in Sources */,
				7A13594F1E9F0485006AB737 /* Color.swift in Sources */,
				7A32BA611E9E5407005882A0 /* AppDelegate.swift in Sources */,
				7A13594B1E9EBD64006AB737 /* JSONHelper.swift in Sources */,
				7A1359511E9F0CB1006AB737 /* CreateFlowCoordinator.swift in Sources */,
				7A1359561E9F0D4B006AB737 /* Storyboards.swift in Sources */,
				7A13595A1E9F0F06006AB737 /* Coordinator.swift in Sources */,
				7A32BA731E9E5418005882A0 /* Client.swift in Sources */,
				7A1359531E9F0CC1006AB737 /* SelectProjectFlowCoordinator.swift in Sources */,
				7A1B4BCD1E9F124B00CE507A /* ProjectsViewController.swift in Sources */,
				7A1359471E9EB9BC006AB737 /* Project.swift in Sources */,
			);
			runOnlyForDeploymentPostprocessing = 0;
		};
/* End PBXSourcesBuildPhase section */

/* Begin PBXVariantGroup section */
		7A32BA641E9E5407005882A0 /* Main.storyboard */ = {
			isa = PBXVariantGroup;
			children = (
				7A32BA651E9E5407005882A0 /* Base */,
			);
			name = Main.storyboard;
			sourceTree = "<group>";
		};
		7A32BA691E9E5407005882A0 /* LaunchScreen.storyboard */ = {
			isa = PBXVariantGroup;
			children = (
				7A32BA6A1E9E5407005882A0 /* Base */,
			);
			name = LaunchScreen.storyboard;
			sourceTree = "<group>";
		};
/* End PBXVariantGroup section */

/* Begin XCBuildConfiguration section */
		7A32BA6D1E9E5407005882A0 /* Debug */ = {
			isa = XCBuildConfiguration;
			buildSettings = {
				ALWAYS_SEARCH_USER_PATHS = NO;
				CLANG_ANALYZER_NONNULL = YES;
				CLANG_ANALYZER_NUMBER_OBJECT_CONVERSION = YES_AGGRESSIVE;
				CLANG_CXX_LANGUAGE_STANDARD = "gnu++0x";
				CLANG_CXX_LIBRARY = "libc++";
				CLANG_ENABLE_MODULES = YES;
				CLANG_ENABLE_OBJC_ARC = YES;
				CLANG_WARN_BOOL_CONVERSION = YES;
				CLANG_WARN_CONSTANT_CONVERSION = YES;
				CLANG_WARN_DIRECT_OBJC_ISA_USAGE = YES_ERROR;
				CLANG_WARN_DOCUMENTATION_COMMENTS = YES;
				CLANG_WARN_EMPTY_BODY = YES;
				CLANG_WARN_ENUM_CONVERSION = YES;
				CLANG_WARN_INFINITE_RECURSION = YES;
				CLANG_WARN_INT_CONVERSION = YES;
				CLANG_WARN_OBJC_ROOT_CLASS = YES_ERROR;
				CLANG_WARN_SUSPICIOUS_MOVE = YES;
				CLANG_WARN_UNREACHABLE_CODE = YES;
				CLANG_WARN__DUPLICATE_METHOD_MATCH = YES;
				"CODE_SIGN_IDENTITY[sdk=iphoneos*]" = "iPhone Developer";
				COPY_PHASE_STRIP = NO;
				DEBUG_INFORMATION_FORMAT = dwarf;
				ENABLE_STRICT_OBJC_MSGSEND = YES;
				ENABLE_TESTABILITY = YES;
				GCC_C_LANGUAGE_STANDARD = gnu99;
				GCC_DYNAMIC_NO_PIC = NO;
				GCC_NO_COMMON_BLOCKS = YES;
				GCC_OPTIMIZATION_LEVEL = 0;
				GCC_PREPROCESSOR_DEFINITIONS = (
					"DEBUG=1",
					"$(inherited)",
				);
				GCC_WARN_64_TO_32_BIT_CONVERSION = YES;
				GCC_WARN_ABOUT_RETURN_TYPE = YES_ERROR;
				GCC_WARN_UNDECLARED_SELECTOR = YES;
				GCC_WARN_UNINITIALIZED_AUTOS = YES_AGGRESSIVE;
				GCC_WARN_UNUSED_FUNCTION = YES;
				GCC_WARN_UNUSED_VARIABLE = YES;
				IPHONEOS_DEPLOYMENT_TARGET = 10.3;
				MTL_ENABLE_DEBUG_INFO = YES;
				ONLY_ACTIVE_ARCH = YES;
				SDKROOT = iphoneos;
				SWIFT_ACTIVE_COMPILATION_CONDITIONS = DEBUG;
				SWIFT_OPTIMIZATION_LEVEL = "-Onone";
				TARGETED_DEVICE_FAMILY = "1,2";
			};
			name = Debug;
		};
		7A32BA6E1E9E5407005882A0 /* Release */ = {
			isa = XCBuildConfiguration;
			buildSettings = {
				ALWAYS_SEARCH_USER_PATHS = NO;
				CLANG_ANALYZER_NONNULL = YES;
				CLANG_ANALYZER_NUMBER_OBJECT_CONVERSION = YES_AGGRESSIVE;
				CLANG_CXX_LANGUAGE_STANDARD = "gnu++0x";
				CLANG_CXX_LIBRARY = "libc++";
				CLANG_ENABLE_MODULES = YES;
				CLANG_ENABLE_OBJC_ARC = YES;
				CLANG_WARN_BOOL_CONVERSION = YES;
				CLANG_WARN_CONSTANT_CONVERSION = YES;
				CLANG_WARN_DIRECT_OBJC_ISA_USAGE = YES_ERROR;
				CLANG_WARN_DOCUMENTATION_COMMENTS = YES;
				CLANG_WARN_EMPTY_BODY = YES;
				CLANG_WARN_ENUM_CONVERSION = YES;
				CLANG_WARN_INFINITE_RECURSION = YES;
				CLANG_WARN_INT_CONVERSION = YES;
				CLANG_WARN_OBJC_ROOT_CLASS = YES_ERROR;
				CLANG_WARN_SUSPICIOUS_MOVE = YES;
				CLANG_WARN_UNREACHABLE_CODE = YES;
				CLANG_WARN__DUPLICATE_METHOD_MATCH = YES;
				"CODE_SIGN_IDENTITY[sdk=iphoneos*]" = "iPhone Developer";
				COPY_PHASE_STRIP = NO;
				DEBUG_INFORMATION_FORMAT = "dwarf-with-dsym";
				ENABLE_NS_ASSERTIONS = NO;
				ENABLE_STRICT_OBJC_MSGSEND = YES;
				GCC_C_LANGUAGE_STANDARD = gnu99;
				GCC_NO_COMMON_BLOCKS = YES;
				GCC_WARN_64_TO_32_BIT_CONVERSION = YES;
				GCC_WARN_ABOUT_RETURN_TYPE = YES_ERROR;
				GCC_WARN_UNDECLARED_SELECTOR = YES;
				GCC_WARN_UNINITIALIZED_AUTOS = YES_AGGRESSIVE;
				GCC_WARN_UNUSED_FUNCTION = YES;
				GCC_WARN_UNUSED_VARIABLE = YES;
				IPHONEOS_DEPLOYMENT_TARGET = 10.3;
				MTL_ENABLE_DEBUG_INFO = NO;
				SDKROOT = iphoneos;
				SWIFT_OPTIMIZATION_LEVEL = "-Owholemodule";
				TARGETED_DEVICE_FAMILY = "1,2";
				VALIDATE_PRODUCT = YES;
			};
			name = Release;
		};
		7A32BA701E9E5407005882A0 /* Debug */ = {
			isa = XCBuildConfiguration;
			buildSettings = {
				ASSETCATALOG_COMPILER_APPICON_NAME = AppIcon;
				DEVELOPMENT_TEAM = 8VS9JKFDZS;
				FRAMEWORK_SEARCH_PATHS = (
					"$(inherited)",
					"$(PROJECT_DIR)/Carthage/Build/iOS",
				);
				INFOPLIST_FILE = Batman/Info.plist;
				LD_RUNPATH_SEARCH_PATHS = "$(inherited) @executable_path/Frameworks";
				PRODUCT_BUNDLE_IDENTIFIER = "com.perfectly-cooked.Batman";
				PRODUCT_NAME = "$(TARGET_NAME)";
				SWIFT_VERSION = 3.0;
			};
			name = Debug;
		};
		7A32BA711E9E5407005882A0 /* Release */ = {
			isa = XCBuildConfiguration;
			buildSettings = {
				ASSETCATALOG_COMPILER_APPICON_NAME = AppIcon;
				DEVELOPMENT_TEAM = 8VS9JKFDZS;
				FRAMEWORK_SEARCH_PATHS = (
					"$(inherited)",
					"$(PROJECT_DIR)/Carthage/Build/iOS",
				);
				INFOPLIST_FILE = Batman/Info.plist;
				LD_RUNPATH_SEARCH_PATHS = "$(inherited) @executable_path/Frameworks";
				PRODUCT_BUNDLE_IDENTIFIER = "com.perfectly-cooked.Batman";
				PRODUCT_NAME = "$(TARGET_NAME)";
				SWIFT_VERSION = 3.0;
			};
			name = Release;
		};
/* End XCBuildConfiguration section */

/* Begin XCConfigurationList section */
		7A32BA581E9E5407005882A0 /* Build configuration list for PBXProject "Batman" */ = {
			isa = XCConfigurationList;
			buildConfigurations = (
				7A32BA6D1E9E5407005882A0 /* Debug */,
				7A32BA6E1E9E5407005882A0 /* Release */,
			);
			defaultConfigurationIsVisible = 0;
			defaultConfigurationName = Release;
		};
		7A32BA6F1E9E5407005882A0 /* Build configuration list for PBXNativeTarget "Batman" */ = {
			isa = XCConfigurationList;
			buildConfigurations = (
				7A32BA701E9E5407005882A0 /* Debug */,
				7A32BA711E9E5407005882A0 /* Release */,
			);
			defaultConfigurationIsVisible = 0;
			defaultConfigurationName = Release;
		};
/* End XCConfigurationList section */
	};
	rootObject = 7A32BA551E9E5407005882A0 /* Project object */;
}
